PODS:
  - app_badge_plus (1.2.1):
    - Flutter
  - Flutter (1.0.0)
  - flutter_local_notifications (0.0.1):
    - Flutter
  - flutter_secure_storage (6.0.0):
    - Flutter
  - flutter_timezone (0.0.1):
    - Flutter
  - path_provider_foundation (0.0.1):
    - Flutter
    - FlutterMacOS
  - shared_preferences_foundation (0.0.1):
    - Flutter
    - FlutterMacOS
  - url_launcher_ios (0.0.1):
    - Flutter

DEPENDENCIES:
  - app_badge_plus (from `.symlinks/plugins/app_badge_plus/ios`)
  - Flutter (from `Flutter`)
  - flutter_local_notifications (from `.symlinks/plugins/flutter_local_notifications/ios`)
  - flutter_secure_storage (from `.symlinks/plugins/flutter_secure_storage/ios`)
  - flutter_timezone (from `.symlinks/plugins/flutter_timezone/ios`)
  - path_provider_foundation (from `.symlinks/plugins/path_provider_foundation/darwin`)
  - shared_preferences_foundation (from `.symlinks/plugins/shared_preferences_foundation/darwin`)
  - url_launcher_ios (from `.symlinks/plugins/url_launcher_ios/ios`)

EXTERNAL SOURCES:
  app_badge_plus:
    :path: ".symlinks/plugins/app_badge_plus/ios"
  Flutter:
    :path: Flutter
  flutter_local_notifications:
    :path: ".symlinks/plugins/flutter_local_notifications/ios"
  flutter_secure_storage:
    :path: ".symlinks/plugins/flutter_secure_storage/ios"
  flutter_timezone:
    :path: ".symlinks/plugins/flutter_timezone/ios"
  path_provider_foundation:
    :path: ".symlinks/plugins/path_provider_foundation/darwin"
  shared_preferences_foundation:
    :path: ".symlinks/plugins/shared_preferences_foundation/darwin"
  url_launcher_ios:
    :path: ".symlinks/plugins/url_launcher_ios/ios"

SPEC CHECKSUMS:
  app_badge_plus: 219e9a1aa808d9dea9f19521ce5e92d7a8159694
  Flutter: e0871f40cf51350855a761d2e70bf5af5b9b5de7
  flutter_local_notifications: ff50f8405aaa0ccdc7dcfb9022ca192e8ad9688f
  flutter_secure_storage: d33dac7ae2ea08509be337e775f6b59f1ff45f12
  flutter_timezone: ac3da59ac941ff1c98a2e1f0293420e020120282
  path_provider_foundation: 3784922295ac71e43754bd15e0653ccfd36a147c
  shared_preferences_foundation: b4c3b4cddf1c21f02770737f147a3f5da9d39695
  url_launcher_ios: 6116280ddcfe98ab8820085d8d76ae7449447586

PODFILE CHECKSUM: 4305caec6b40dde0ae97be1573c53de1882a07e5

COCOAPODS: 1.16.2
